
Microsoft Visual Studio Solution File, Format Version 12.00
# Visual Studio Version 17
VisualStudioVersion = 17.9.34321.82
MinimumVisualStudioVersion = 10.0.40219.1
Project("{FAE04EC0-301F-11D3-BF4B-00C04F79EFBC}") = "database_api", "database_api\database_api.csproj", "{F83587C9-87D4-4D96-A47E-E8290B34CB41}"
EndProject
Global
	GlobalSection(SolutionConfigurationPlatforms) = preSolution
		Debug|Any CPU = Debug|Any CPU
		Release|Any CPU = Release|Any CPU
	EndGlobalSection
	GlobalSection(ProjectConfigurationPlatforms) = postSolution
		{F83587C9-87D4-4D96-A47E-E8290B34CB41}.Debug|Any CPU.ActiveCfg = Debug|Any CPU
		{F83587C9-87D4-4D96-A47E-E8290B34CB41}.Debug|Any CPU.Build.0 = Debug|Any CPU
		{F83587C9-87D4-4D96-A47E-E8290B34CB41}.Release|Any CPU.ActiveCfg = Release|Any CPU
		{F83587C9-87D4-4D96-A47E-E8290B34CB41}.Release|Any CPU.Build.0 = Release|Any CPU
	EndGlobalSection
	GlobalSection(SolutionProperties) = preSolution
		HideSolutionNode = FALSE
	EndGlobalSection
	GlobalSection(ExtensibilityGlobals) = postSolution
		SolutionGuid = {629B6CCE-2F17-406F-A5E8-ADBFA4428D77}
	EndGlobalSection
EndGlobal
